
Microsoft Visual Studio Solution File, Format Version 12.00
# Visual Studio Version 17
VisualStudioVersion = 17.11.35312.102
MinimumVisualStudioVersion = 10.0.40219.1
Project("{FAE04EC0-301F-11D3-BF4B-00C04F79EFBC}") = "DataArray", "DataArray\DataArray.csproj", "{358D32C8-604A-4D18-BBD3-DD2FC3F45532}"
EndProject
Global
	GlobalSection(SolutionConfigurationPlatforms) = preSolution
		Debug|Any CPU = Debug|Any CPU
		Release|Any CPU = Release|Any CPU
	EndGlobalSection
	GlobalSection(ProjectConfigurationPlatforms) = postSolution
		{358D32C8-604A-4D18-BBD3-DD2FC3F45532}.Debug|Any CPU.ActiveCfg = Debug|Any CPU
		{358D32C8-604A-4D18-BBD3-DD2FC3F45532}.Debug|Any CPU.Build.0 = Debug|Any CPU
		{358D32C8-604A-4D18-BBD3-DD2FC3F45532}.Release|Any CPU.ActiveCfg = Release|Any CPU
		{358D32C8-604A-4D18-BBD3-DD2FC3F45532}.Release|Any CPU.Build.0 = Release|Any CPU
	EndGlobalSection
	GlobalSection(SolutionProperties) = preSolution
		HideSolutionNode = FALSE
	EndGlobalSection
	GlobalSection(ExtensibilityGlobals) = postSolution
		SolutionGuid = {B22FFD09-A991-4A76-B187-05612F832458}
	EndGlobalSection
EndGlobal
